// !$*UTF8*$!
{
	archiveVersion = 1;
	classes = {
	};
	objectVersion = 77;
	objects = {

/* Begin PBXBuildFile section */
		54C997F52DECA9C6005DC941 /* ContentView.swift in Sources */ = {isa = PBXBuildFile; fileRef = 54C997F22DECA9C6005DC941 /* ContentView.swift */; };
		54C997F62DECA9C6005DC941 /* ToDoListApp.swift in Sources */ = {isa = PBXBuildFile; fileRef = 54C997F32DECA9C6005DC941 /* ToDoListApp.swift */; };
		54C997F72DECA9C6005DC941 /* Assets.xcassets in Resources */ = {isa = PBXBuildFile; fileRef = 54C997F12DECA9C6005DC941 /* Assets.xcassets */; };
		54C997FD2DECAB1A005DC941 /* ApiResponseModel.swift in Sources */ = {isa = PBXBuildFile; fileRef = 54C997FC2DECAB1A005DC941 /* ApiResponseModel.swift */; };
		54C997FF2DECAB46005DC941 /* ItemModel.swift in Sources */ = {isa = PBXBuildFile; fileRef = 54C997FE2DECAB46005DC941 /* ItemModel.swift */; };
		54C998022DECAB6E005DC941 /* ItemsContainer.xcdatamodeld in Sources */ = {isa = PBXBuildFile; fileRef = 54C998002DECAB6E005DC941 /* ItemsContainer.xcdatamodeld */; };
		54C998052DECAD09005DC941 /* CoreDataVIewModel.swift in Sources */ = {isa = PBXBuildFile; fileRef = 54C998042DECAD09005DC941 /* CoreDataVIewModel.swift */; };
		54C998072DECAD28005DC941 /* CoreDataManager.swift in Sources */ = {isa = PBXBuildFile; fileRef = 54C998062DECAD28005DC941 /* CoreDataManager.swift */; };
		54C998342DECB85D005DC941 /* ApiManager.swift in Sources */ = {isa = PBXBuildFile; fileRef = 54C998332DECB85D005DC941 /* ApiManager.swift */; };
/* End PBXBuildFile section */

/* Begin PBXFileReference section */
		54C997E32DECA9B9005DC941 /* ToDoList.app */ = {isa = PBXFileReference; explicitFileType = wrapper.application; includeInIndex = 0; path = ToDoList.app; sourceTree = BUILT_PRODUCTS_DIR; };
		54C997F12DECA9C6005DC941 /* Assets.xcassets */ = {isa = PBXFileReference; lastKnownFileType = folder.assetcatalog; path = Assets.xcassets; sourceTree = "<group>"; };
		54C997F22DECA9C6005DC941 /* ContentView.swift */ = {isa = PBXFileReference; lastKnownFileType = sourcecode.swift; path = ContentView.swift; sourceTree = "<group>"; };
		54C997F32DECA9C6005DC941 /* ToDoListApp.swift */ = {isa = PBXFileReference; lastKnownFileType = sourcecode.swift; path = ToDoListApp.swift; sourceTree = "<group>"; };
		54C997FC2DECAB1A005DC941 /* ApiResponseModel.swift */ = {isa = PBXFileReference; lastKnownFileType = sourcecode.swift; path = ApiResponseModel.swift; sourceTree = "<group>"; };
		54C997FE2DECAB46005DC941 /* ItemModel.swift */ = {isa = PBXFileReference; lastKnownFileType = sourcecode.swift; path = ItemModel.swift; sourceTree = "<group>"; };
		54C998012DECAB6E005DC941 /* ItemsContainer.xcdatamodel */ = {isa = PBXFileReference; lastKnownFileType = wrapper.xcdatamodel; path = ItemsContainer.xcdatamodel; sourceTree = "<group>"; };
		54C998042DECAD09005DC941 /* CoreDataVIewModel.swift */ = {isa = PBXFileReference; lastKnownFileType = sourcecode.swift; path = CoreDataVIewModel.swift; sourceTree = "<group>"; };
		54C998062DECAD28005DC941 /* CoreDataManager.swift */ = {isa = PBXFileReference; lastKnownFileType = sourcecode.swift; path = CoreDataManager.swift; sourceTree = "<group>"; };
		54C998332DECB85D005DC941 /* ApiManager.swift */ = {isa = PBXFileReference; lastKnownFileType = sourcecode.swift; path = ApiManager.swift; sourceTree = "<group>"; };
/* End PBXFileReference section */

/* Begin PBXFrameworksBuildPhase section */
		54C997E02DECA9B9005DC941 /* Frameworks */ = {
			isa = PBXFrameworksBuildPhase;
			buildActionMask = 2147483647;
			files = (
			);
			runOnlyForDeploymentPostprocessing = 0;
		};
/* End PBXFrameworksBuildPhase section */

/* Begin PBXGroup section */
		54C997DA2DECA9B9005DC941 = {
			isa = PBXGroup;
			children = (
				54C997F42DECA9C6005DC941 /* ToDoList */,
				54C997E42DECA9B9005DC941 /* Products */,
			);
			sourceTree = "<group>";
		};
		54C997E42DECA9B9005DC941 /* Products */ = {
			isa = PBXGroup;
			children = (
				54C997E32DECA9B9005DC941 /* ToDoList.app */,
			);
			name = Products;
			sourceTree = "<group>";
		};
		54C997F42DECA9C6005DC941 /* ToDoList */ = {
			isa = PBXGroup;
			children = (
				54C997FA2DECA9DA005DC941 /* Models */,
				54C997F82DECA9CA005DC941 /* View */,
				54C997F92DECA9D3005DC941 /* ViewModels */,
				54C997FB2DECA9FD005DC941 /* Services */,
				54C998032DECABD1005DC941 /* CoreData */,
				54C997F12DECA9C6005DC941 /* Assets.xcassets */,
				54C997F32DECA9C6005DC941 /* ToDoListApp.swift */,
			);
			path = ToDoList;
			sourceTree = "<group>";
		};
		54C997F82DECA9CA005DC941 /* View */ = {
			isa = PBXGroup;
			children = (
				54C997F22DECA9C6005DC941 /* ContentView.swift */,
			);
			path = View;
			sourceTree = "<group>";
		};
		54C997F92DECA9D3005DC941 /* ViewModels */ = {
			isa = PBXGroup;
			children = (
				54C998042DECAD09005DC941 /* CoreDataVIewModel.swift */,
			);
			path = ViewModels;
			sourceTree = "<group>";
		};
		54C997FA2DECA9DA005DC941 /* Models */ = {
			isa = PBXGroup;
			children = (
				54C997FC2DECAB1A005DC941 /* ApiResponseModel.swift */,
				54C997FE2DECAB46005DC941 /* ItemModel.swift */,
			);
			path = Models;
			sourceTree = "<group>";
		};
		54C997FB2DECA9FD005DC941 /* Services */ = {
			isa = PBXGroup;
			children = (
				54C998062DECAD28005DC941 /* CoreDataManager.swift */,
				54C998332DECB85D005DC941 /* ApiManager.swift */,
			);
			path = Services;
			sourceTree = "<group>";
		};
		54C998032DECABD1005DC941 /* CoreData */ = {
			isa = PBXGroup;
			children = (
				54C998002DECAB6E005DC941 /* ItemsContainer.xcdatamodeld */,
			);
			path = CoreData;
			sourceTree = "<group>";
		};
/* End PBXGroup section */

/* Begin PBXNativeTarget section */
		54C997E22DECA9B9005DC941 /* ToDoList */ = {
			isa = PBXNativeTarget;
			buildConfigurationList = 54C997EE2DECA9BB005DC941 /* Build configuration list for PBXNativeTarget "ToDoList" */;
			buildPhases = (
				54C997DF2DECA9B9005DC941 /* Sources */,
				54C997E02DECA9B9005DC941 /* Frameworks */,
				54C997E12DECA9B9005DC941 /* Resources */,
			);
			buildRules = (
			);
			dependencies = (
			);
			name = ToDoList;
			packageProductDependencies = (
			);
			productName = ToDoList;
			productReference = 54C997E32DECA9B9005DC941 /* ToDoList.app */;
			productType = "com.apple.product-type.application";
		};
/* End PBXNativeTarget section */

/* Begin PBXProject section */
		54C997DB2DECA9B9005DC941 /* Project object */ = {
			isa = PBXProject;
			attributes = {
				BuildIndependentTargetsInParallel = 1;
				LastSwiftUpdateCheck = 1630;
				LastUpgradeCheck = 1630;
				TargetAttributes = {
					54C997E22DECA9B9005DC941 = {
						CreatedOnToolsVersion = 16.3;
					};
				};
			};
			buildConfigurationList = 54C997DE2DECA9B9005DC941 /* Build configuration list for PBXProject "ToDoList" */;
			developmentRegion = en;
			hasScannedForEncodings = 0;
			knownRegions = (
				en,
				Base,
			);
			mainGroup = 54C997DA2DECA9B9005DC941;
			minimizedProjectReferenceProxies = 1;
			preferredProjectObjectVersion = 77;
			productRefGroup = 54C997E42DECA9B9005DC941 /* Products */;
			projectDirPath = "";
			projectRoot = "";
			targets = (
				54C997E22DECA9B9005DC941 /* ToDoList */,
			);
		};
/* End PBXProject section */

/* Begin PBXResourcesBuildPhase section */
		54C997E12DECA9B9005DC941 /* Resources */ = {
			isa = PBXResourcesBuildPhase;
			buildActionMask = 2147483647;
			files = (
				54C997F72DECA9C6005DC941 /* Assets.xcassets in Resources */,
			);
			runOnlyForDeploymentPostprocessing = 0;
		};
/* End PBXResourcesBuildPhase section */

/* Begin PBXSourcesBuildPhase section */
		54C997DF2DECA9B9005DC941 /* Sources */ = {
			isa = PBXSourcesBuildPhase;
			buildActionMask = 2147483647;
			files = (
				54C998342DECB85D005DC941 /* ApiManager.swift in Sources */,
				54C997F52DECA9C6005DC941 /* ContentView.swift in Sources */,
				54C997F62DECA9C6005DC941 /* ToDoListApp.swift in Sources */,
				54C997FF2DECAB46005DC941 /* ItemModel.swift in Sources */,
				54C998052DECAD09005DC941 /* CoreDataVIewModel.swift in Sources */,
				54C998022DECAB6E005DC941 /* ItemsContainer.xcdatamodeld in Sources */,
				54C998072DECAD28005DC941 /* CoreDataManager.swift in Sources */,
				54C997FD2DECAB1A005DC941 /* ApiResponseModel.swift in Sources */,
			);
			runOnlyForDeploymentPostprocessing = 0;
		};
/* End PBXSourcesBuildPhase section */

/* Begin XCBuildConfiguration section */
		54C997EC2DECA9BB005DC941 /* Debug */ = {
			isa = XCBuildConfiguration;
			buildSettings = {
				ALWAYS_SEARCH_USER_PATHS = NO;
				ASSETCATALOG_COMPILER_GENERATE_SWIFT_ASSET_SYMBOL_EXTENSIONS = YES;
				CLANG_ANALYZER_NONNULL = YES;
				CLANG_ANALYZER_NUMBER_OBJECT_CONVERSION = YES_AGGRESSIVE;
				CLANG_CXX_LANGUAGE_STANDARD = "gnu++20";
				CLANG_ENABLE_MODULES = YES;
				CLANG_ENABLE_OBJC_ARC = YES;
				CLANG_ENABLE_OBJC_WEAK = YES;
				CLANG_WARN_BLOCK_CAPTURE_AUTORELEASING = YES;
				CLANG_WARN_BOOL_CONVERSION = YES;
				CLANG_WARN_COMMA = YES;
				CLANG_WARN_CONSTANT_CONVERSION = YES;
				CLANG_WARN_DEPRECATED_OBJC_IMPLEMENTATIONS = YES;
				CLANG_WARN_DIRECT_OBJC_ISA_USAGE = YES_ERROR;
				CLANG_WARN_DOCUMENTATION_COMMENTS = YES;
				CLANG_WARN_EMPTY_BODY = YES;
				CLANG_WARN_ENUM_CONVERSION = YES;
				CLANG_WARN_INFINITE_RECURSION = YES;
				CLANG_WARN_INT_CONVERSION = YES;
				CLANG_WARN_NON_LITERAL_NULL_CONVERSION = YES;
				CLANG_WARN_OBJC_IMPLICIT_RETAIN_SELF = YES;
				CLANG_WARN_OBJC_LITERAL_CONVERSION = YES;
				CLANG_WARN_OBJC_ROOT_CLASS = YES_ERROR;
				CLANG_WARN_QUOTED_INCLUDE_IN_FRAMEWORK_HEADER = YES;
				CLANG_WARN_RANGE_LOOP_ANALYSIS = YES;
				CLANG_WARN_STRICT_PROTOTYPES = YES;
				CLANG_WARN_SUSPICIOUS_MOVE = YES;
				CLANG_WARN_UNGUARDED_AVAILABILITY = YES_AGGRESSIVE;
				CLANG_WARN_UNREACHABLE_CODE = YES;
				CLANG_WARN__DUPLICATE_METHOD_MATCH = YES;
				COPY_PHASE_STRIP = NO;
				DEBUG_INFORMATION_FORMAT = dwarf;
				DEVELOPMENT_TEAM = GZ4X4B65P8;
				ENABLE_STRICT_OBJC_MSGSEND = YES;
				ENABLE_TESTABILITY = YES;
				ENABLE_USER_SCRIPT_SANDBOXING = YES;
				GCC_C_LANGUAGE_STANDARD = gnu17;
				GCC_DYNAMIC_NO_PIC = NO;
				GCC_NO_COMMON_BLOCKS = YES;
				GCC_OPTIMIZATION_LEVEL = 0;
				GCC_PREPROCESSOR_DEFINITIONS = (
					"DEBUG=1",
					"$(inherited)",
				);
				GCC_WARN_64_TO_32_BIT_CONVERSION = YES;
				GCC_WARN_ABOUT_RETURN_TYPE = YES_ERROR;
				GCC_WARN_UNDECLARED_SELECTOR = YES;
				GCC_WARN_UNINITIALIZED_AUTOS = YES_AGGRESSIVE;
				GCC_WARN_UNUSED_FUNCTION = YES;
				GCC_WARN_UNUSED_VARIABLE = YES;
				IPHONEOS_DEPLOYMENT_TARGET = 18.4;
				LOCALIZATION_PREFERS_STRING_CATALOGS = YES;
				MTL_ENABLE_DEBUG_INFO = INCLUDE_SOURCE;
				MTL_FAST_MATH = YES;
				ONLY_ACTIVE_ARCH = YES;
				SDKROOT = iphoneos;
				SWIFT_ACTIVE_COMPILATION_CONDITIONS = "DEBUG $(inherited)";
				SWIFT_OPTIMIZATION_LEVEL = "-Onone";
			};
			name = Debug;
		};
		54C997ED2DECA9BB005DC941 /* Release */ = {
			isa = XCBuildConfiguration;
			buildSettings = {
				ALWAYS_SEARCH_USER_PATHS = NO;
				ASSETCATALOG_COMPILER_GENERATE_SWIFT_ASSET_SYMBOL_EXTENSIONS = YES;
				CLANG_ANALYZER_NONNULL = YES;
				CLANG_ANALYZER_NUMBER_OBJECT_CONVERSION = YES_AGGRESSIVE;
				CLANG_CXX_LANGUAGE_STANDARD = "gnu++20";
				CLANG_ENABLE_MODULES = YES;
				CLANG_ENABLE_OBJC_ARC = YES;
				CLANG_ENABLE_OBJC_WEAK = YES;
				CLANG_WARN_BLOCK_CAPTURE_AUTORELEASING = YES;
				CLANG_WARN_BOOL_CONVERSION = YES;
				CLANG_WARN_COMMA = YES;
				CLANG_WARN_CONSTANT_CONVERSION = YES;
				CLANG_WARN_DEPRECATED_OBJC_IMPLEMENTATIONS = YES;
				CLANG_WARN_DIRECT_OBJC_ISA_USAGE = YES_ERROR;
				CLANG_WARN_DOCUMENTATION_COMMENTS = YES;
				CLANG_WARN_EMPTY_BODY = YES;
				CLANG_WARN_ENUM_CONVERSION = YES;
				CLANG_WARN_INFINITE_RECURSION = YES;
				CLANG_WARN_INT_CONVERSION = YES;
				CLANG_WARN_NON_LITERAL_NULL_CONVERSION = YES;
				CLANG_WARN_OBJC_IMPLICIT_RETAIN_SELF = YES;
				CLANG_WARN_OBJC_LITERAL_CONVERSION = YES;
				CLANG_WARN_OBJC_ROOT_CLASS = YES_ERROR;
				CLANG_WARN_QUOTED_INCLUDE_IN_FRAMEWORK_HEADER = YES;
				CLANG_WARN_RANGE_LOOP_ANALYSIS = YES;
				CLANG_WARN_STRICT_PROTOTYPES = YES;
				CLANG_WARN_SUSPICIOUS_MOVE = YES;
				CLANG_WARN_UNGUARDED_AVAILABILITY = YES_AGGRESSIVE;
				CLANG_WARN_UNREACHABLE_CODE = YES;
				CLANG_WARN__DUPLICATE_METHOD_MATCH = YES;
				COPY_PHASE_STRIP = NO;
				DEBUG_INFORMATION_FORMAT = "dwarf-with-dsym";
				DEVELOPMENT_TEAM = GZ4X4B65P8;
				ENABLE_NS_ASSERTIONS = NO;
				ENABLE_STRICT_OBJC_MSGSEND = YES;
				ENABLE_USER_SCRIPT_SANDBOXING = YES;
				GCC_C_LANGUAGE_STANDARD = gnu17;
				GCC_NO_COMMON_BLOCKS = YES;
				GCC_WARN_64_TO_32_BIT_CONVERSION = YES;
				GCC_WARN_ABOUT_RETURN_TYPE = YES_ERROR;
				GCC_WARN_UNDECLARED_SELECTOR = YES;
				GCC_WARN_UNINITIALIZED_AUTOS = YES_AGGRESSIVE;
				GCC_WARN_UNUSED_FUNCTION = YES;
				GCC_WARN_UNUSED_VARIABLE = YES;
				IPHONEOS_DEPLOYMENT_TARGET = 18.4;
				LOCALIZATION_PREFERS_STRING_CATALOGS = YES;
				MTL_ENABLE_DEBUG_INFO = NO;
				MTL_FAST_MATH = YES;
				SDKROOT = iphoneos;
				SWIFT_COMPILATION_MODE = wholemodule;
				VALIDATE_PRODUCT = YES;
			};
			name = Release;
		};
		54C997EF2DECA9BB005DC941 /* Debug */ = {
			isa = XCBuildConfiguration;
			buildSettings = {
				ASSETCATALOG_COMPILER_APPICON_NAME = AppIcon;
				ASSETCATALOG_COMPILER_GLOBAL_ACCENT_COLOR_NAME = AccentColor;
				CODE_SIGN_STYLE = Automatic;
				CURRENT_PROJECT_VERSION = 1;
				DEVELOPMENT_TEAM = GZ4X4B65P8;
				ENABLE_PREVIEWS = YES;
				GENERATE_INFOPLIST_FILE = YES;
				INFOPLIST_KEY_UIApplicationSceneManifest_Generation = YES;
				INFOPLIST_KEY_UIApplicationSupportsIndirectInputEvents = YES;
				INFOPLIST_KEY_UILaunchScreen_Generation = YES;
				INFOPLIST_KEY_UISupportedInterfaceOrientations_iPad = "UIInterfaceOrientationPortrait UIInterfaceOrientationPortraitUpsideDown UIInterfaceOrientationLandscapeLeft UIInterfaceOrientationLandscapeRight";
				INFOPLIST_KEY_UISupportedInterfaceOrientations_iPhone = "UIInterfaceOrientationPortrait UIInterfaceOrientationLandscapeLeft UIInterfaceOrientationLandscapeRight";
				LD_RUNPATH_SEARCH_PATHS = (
					"$(inherited)",
					"@executable_path/Frameworks",
				);
				MARKETING_VERSION = 1.0;
				PRODUCT_BUNDLE_IDENTIFIER = SlavicINC.ToDoList;
				PRODUCT_NAME = "$(TARGET_NAME)";
				SWIFT_EMIT_LOC_STRINGS = YES;
				SWIFT_VERSION = 5.0;
				TARGETED_DEVICE_FAMILY = "1,2";
			};
			name = Debug;
		};
		54C997F02DECA9BB005DC941 /* Release */ = {
			isa = XCBuildConfiguration;
			buildSettings = {
				ASSETCATALOG_COMPILER_APPICON_NAME = AppIcon;
				ASSETCATALOG_COMPILER_GLOBAL_ACCENT_COLOR_NAME = AccentColor;
				CODE_SIGN_STYLE = Automatic;
				CURRENT_PROJECT_VERSION = 1;
				DEVELOPMENT_TEAM = GZ4X4B65P8;
				ENABLE_PREVIEWS = YES;
				GENERATE_INFOPLIST_FILE = YES;
				INFOPLIST_KEY_UIApplicationSceneManifest_Generation = YES;
				INFOPLIST_KEY_UIApplicationSupportsIndirectInputEvents = YES;
				INFOPLIST_KEY_UILaunchScreen_Generation = YES;
				INFOPLIST_KEY_UISupportedInterfaceOrientations_iPad = "UIInterfaceOrientationPortrait UIInterfaceOrientationPortraitUpsideDown UIInterfaceOrientationLandscapeLeft UIInterfaceOrientationLandscapeRight";
				INFOPLIST_KEY_UISupportedInterfaceOrientations_iPhone = "UIInterfaceOrientationPortrait UIInterfaceOrientationLandscapeLeft UIInterfaceOrientationLandscapeRight";
				LD_RUNPATH_SEARCH_PATHS = (
					"$(inherited)",
					"@executable_path/Frameworks",
				);
				MARKETING_VERSION = 1.0;
				PRODUCT_BUNDLE_IDENTIFIER = SlavicINC.ToDoList;
				PRODUCT_NAME = "$(TARGET_NAME)";
				SWIFT_EMIT_LOC_STRINGS = YES;
				SWIFT_VERSION = 5.0;
				TARGETED_DEVICE_FAMILY = "1,2";
			};
			name = Release;
		};
/* End XCBuildConfiguration section */

/* Begin XCConfigurationList section */
		54C997DE2DECA9B9005DC941 /* Build configuration list for PBXProject "ToDoList" */ = {
			isa = XCConfigurationList;
			buildConfigurations = (
				54C997EC2DECA9BB005DC941 /* Debug */,
				54C997ED2DECA9BB005DC941 /* Release */,
			);
			defaultConfigurationIsVisible = 0;
			defaultConfigurationName = Release;
		};
		54C997EE2DECA9BB005DC941 /* Build configuration list for PBXNativeTarget "ToDoList" */ = {
			isa = XCConfigurationList;
			buildConfigurations = (
				54C997EF2DECA9BB005DC941 /* Debug */,
				54C997F02DECA9BB005DC941 /* Release */,
			);
			defaultConfigurationIsVisible = 0;
			defaultConfigurationName = Release;
		};
/* End XCConfigurationList section */

/* Begin XCVersionGroup section */
		54C998002DECAB6E005DC941 /* ItemsContainer.xcdatamodeld */ = {
			isa = XCVersionGroup;
			children = (
				54C998012DECAB6E005DC941 /* ItemsContainer.xcdatamodel */,
			);
			currentVersion = 54C998012DECAB6E005DC941 /* ItemsContainer.xcdatamodel */;
			path = ItemsContainer.xcdatamodeld;
			sourceTree = "<group>";
			versionGroupType = wrapper.xcdatamodel;
		};
/* End XCVersionGroup section */
	};
	rootObject = 54C997DB2DECA9B9005DC941 /* Project object */;
}
