// !$*UTF8*$!
{
	archiveVersion = 1;
	classes = {
	};
	objectVersion = 77;
	objects = {

/* Begin PBXBuildFile section */
		54C997F62DECA9C6005DC941 /* ToDoListApp.swift in Sources */ = {isa = PBXBuildFile; fileRef = 54C997F32DECA9C6005DC941 /* ToDoListApp.swift */; };
		54C997F72DECA9C6005DC941 /* Assets.xcassets in Resources */ = {isa = PBXBuildFile; fileRef = 54C997F12DECA9C6005DC941 /* Assets.xcassets */; };
		54C997FD2DECAB1A005DC941 /* ApiResponseModel.swift in Sources */ = {isa = PBXBuildFile; fileRef = 54C997FC2DECAB1A005DC941 /* ApiResponseModel.swift */; };
		54C997FF2DECAB46005DC941 /* ItemModel.swift in Sources */ = {isa = PBXBuildFile; fileRef = 54C997FE2DECAB46005DC941 /* ItemModel.swift */; };
		54C998022DECAB6E005DC941 /* ItemsContainer.xcdatamodeld in Sources */ = {isa = PBXBuildFile; fileRef = 54C998002DECAB6E005DC941 /* ItemsContainer.xcdatamodeld */; };
		54C998052DECAD09005DC941 /* CoreDataVIewModel.swift in Sources */ = {isa = PBXBuildFile; fileRef = 54C998042DECAD09005DC941 /* CoreDataVIewModel.swift */; };
		54C998072DECAD28005DC941 /* CoreDataManager.swift in Sources */ = {isa = PBXBuildFile; fileRef = 54C998062DECAD28005DC941 /* CoreDataManager.swift */; };
		54C998342DECB85D005DC941 /* ApiManager.swift in Sources */ = {isa = PBXBuildFile; fileRef = 54C998332DECB85D005DC941 /* ApiManager.swift */; };
		54C998362DECBFE1005DC941 /* ButtonBackView.swift in Sources */ = {isa = PBXBuildFile; fileRef = 54C998352DECBFE1005DC941 /* ButtonBackView.swift */; };
		54C998382DECBFF6005DC941 /* ItemCellView.swift in Sources */ = {isa = PBXBuildFile; fileRef = 54C998372DECBFF6005DC941 /* ItemCellView.swift */; };
		54C9983A2DECC011005DC941 /* ItemView.swift in Sources */ = {isa = PBXBuildFile; fileRef = 54C998392DECC011005DC941 /* ItemView.swift */; };
		54C9983C2DECC050005DC941 /* MainView.swift in Sources */ = {isa = PBXBuildFile; fileRef = 54C9983B2DECC050005DC941 /* MainView.swift */; };
		54C9983E2DECE107005DC941 /* BottomBarView.swift in Sources */ = {isa = PBXBuildFile; fileRef = 54C9983D2DECE107005DC941 /* BottomBarView.swift */; };
		54C998402DECEAA6005DC941 /* ItemContextMenu.swift in Sources */ = {isa = PBXBuildFile; fileRef = 54C9983F2DECEAA6005DC941 /* ItemContextMenu.swift */; };
		54C9986D2DECF0FF005DC941 /* DataManager.swift in Sources */ = {isa = PBXBuildFile; fileRef = 54C9986C2DECF0FF005DC941 /* DataManager.swift */; };
		54C9986F2DED0BB3005DC941 /* ShareHelper.swift in Sources */ = {isa = PBXBuildFile; fileRef = 54C9986E2DED0BB3005DC941 /* ShareHelper.swift */; };
		54C9989A2DED21FC005DC941 /* ToDoListTests.swift in Sources */ = {isa = PBXBuildFile; fileRef = 54C998982DED21FC005DC941 /* ToDoListTests.swift */; };
		54C998A42DEDD995005DC941 /* DateFormatterExtension.swift in Sources */ = {isa = PBXBuildFile; fileRef = 54C998A32DEDD995005DC941 /* DateFormatterExtension.swift */; };
/* End PBXBuildFile section */

/* Begin PBXContainerItemProxy section */
		54C998842DED2124005DC941 /* PBXContainerItemProxy */ = {
			isa = PBXContainerItemProxy;
			containerPortal = 54C997DB2DECA9B9005DC941 /* Project object */;
			proxyType = 1;
			remoteGlobalIDString = 54C997E22DECA9B9005DC941;
			remoteInfo = ToDoList;
		};
/* End PBXContainerItemProxy section */

/* Begin PBXFileReference section */
		54C997E32DECA9B9005DC941 /* ToDoList.app */ = {isa = PBXFileReference; explicitFileType = wrapper.application; includeInIndex = 0; path = ToDoList.app; sourceTree = BUILT_PRODUCTS_DIR; };
		54C997F12DECA9C6005DC941 /* Assets.xcassets */ = {isa = PBXFileReference; lastKnownFileType = folder.assetcatalog; path = Assets.xcassets; sourceTree = "<group>"; };
		54C997F32DECA9C6005DC941 /* ToDoListApp.swift */ = {isa = PBXFileReference; lastKnownFileType = sourcecode.swift; path = ToDoListApp.swift; sourceTree = "<group>"; };
		54C997FC2DECAB1A005DC941 /* ApiResponseModel.swift */ = {isa = PBXFileReference; lastKnownFileType = sourcecode.swift; path = ApiResponseModel.swift; sourceTree = "<group>"; };
		54C997FE2DECAB46005DC941 /* ItemModel.swift */ = {isa = PBXFileReference; lastKnownFileType = sourcecode.swift; path = ItemModel.swift; sourceTree = "<group>"; };
		54C998012DECAB6E005DC941 /* ItemsContainer.xcdatamodel */ = {isa = PBXFileReference; lastKnownFileType = wrapper.xcdatamodel; path = ItemsContainer.xcdatamodel; sourceTree = "<group>"; };
		54C998042DECAD09005DC941 /* CoreDataVIewModel.swift */ = {isa = PBXFileReference; lastKnownFileType = sourcecode.swift; path = CoreDataVIewModel.swift; sourceTree = "<group>"; };
		54C998062DECAD28005DC941 /* CoreDataManager.swift */ = {isa = PBXFileReference; lastKnownFileType = sourcecode.swift; path = CoreDataManager.swift; sourceTree = "<group>"; };
		54C998332DECB85D005DC941 /* ApiManager.swift */ = {isa = PBXFileReference; lastKnownFileType = sourcecode.swift; path = ApiManager.swift; sourceTree = "<group>"; };
		54C998352DECBFE1005DC941 /* ButtonBackView.swift */ = {isa = PBXFileReference; lastKnownFileType = sourcecode.swift; path = ButtonBackView.swift; sourceTree = "<group>"; };
		54C998372DECBFF6005DC941 /* ItemCellView.swift */ = {isa = PBXFileReference; lastKnownFileType = sourcecode.swift; path = ItemCellView.swift; sourceTree = "<group>"; };
		54C998392DECC011005DC941 /* ItemView.swift */ = {isa = PBXFileReference; lastKnownFileType = sourcecode.swift; path = ItemView.swift; sourceTree = "<group>"; };
		54C9983B2DECC050005DC941 /* MainView.swift */ = {isa = PBXFileReference; lastKnownFileType = sourcecode.swift; path = MainView.swift; sourceTree = "<group>"; };
		54C9983D2DECE107005DC941 /* BottomBarView.swift */ = {isa = PBXFileReference; lastKnownFileType = sourcecode.swift; path = BottomBarView.swift; sourceTree = "<group>"; };
		54C9983F2DECEAA6005DC941 /* ItemContextMenu.swift */ = {isa = PBXFileReference; lastKnownFileType = sourcecode.swift; path = ItemContextMenu.swift; sourceTree = "<group>"; };
		54C9986C2DECF0FF005DC941 /* DataManager.swift */ = {isa = PBXFileReference; lastKnownFileType = sourcecode.swift; path = DataManager.swift; sourceTree = "<group>"; };
		54C9986E2DED0BB3005DC941 /* ShareHelper.swift */ = {isa = PBXFileReference; lastKnownFileType = sourcecode.swift; path = ShareHelper.swift; sourceTree = "<group>"; };
		54C998802DED2124005DC941 /* ToDoListTests.xctest */ = {isa = PBXFileReference; explicitFileType = wrapper.cfbundle; includeInIndex = 0; path = ToDoListTests.xctest; sourceTree = BUILT_PRODUCTS_DIR; };
		54C998982DED21FC005DC941 /* ToDoListTests.swift */ = {isa = PBXFileReference; lastKnownFileType = sourcecode.swift; path = ToDoListTests.swift; sourceTree = "<group>"; };
		54C998A32DEDD995005DC941 /* DateFormatterExtension.swift */ = {isa = PBXFileReference; lastKnownFileType = sourcecode.swift; path = DateFormatterExtension.swift; sourceTree = "<group>"; };
/* End PBXFileReference section */

/* Begin PBXFrameworksBuildPhase section */
		54C997E02DECA9B9005DC941 /* Frameworks */ = {
			isa = PBXFrameworksBuildPhase;
			buildActionMask = 2147483647;
			files = (
			);
			runOnlyForDeploymentPostprocessing = 0;
		};
		54C9987D2DED2124005DC941 /* Frameworks */ = {
			isa = PBXFrameworksBuildPhase;
			buildActionMask = 2147483647;
			files = (
			);
			runOnlyForDeploymentPostprocessing = 0;
		};
/* End PBXFrameworksBuildPhase section */

/* Begin PBXGroup section */
		54C997DA2DECA9B9005DC941 = {
			isa = PBXGroup;
			children = (
				54C997F42DECA9C6005DC941 /* ToDoList */,
				54C998992DED21FC005DC941 /* ToDoListTests */,
				54C997E42DECA9B9005DC941 /* Products */,
			);
			sourceTree = "<group>";
		};
		54C997E42DECA9B9005DC941 /* Products */ = {
			isa = PBXGroup;
			children = (
				54C997E32DECA9B9005DC941 /* ToDoList.app */,
				54C998802DED2124005DC941 /* ToDoListTests.xctest */,
			);
			name = Products;
			sourceTree = "<group>";
		};
		54C997F42DECA9C6005DC941 /* ToDoList */ = {
			isa = PBXGroup;
			children = (
				54C998712DED197E005DC941 /* App */,
				54C998722DED198F005DC941 /* Core */,
				54C998742DED19E7005DC941 /* Features */,
				54C998782DED1B44005DC941 /* Shared */,
				54C997F12DECA9C6005DC941 /* Assets.xcassets */,
			);
			path = ToDoList;
			sourceTree = "<group>";
		};
		54C997F82DECA9CA005DC941 /* Views */ = {
			isa = PBXGroup;
			children = (
				54C998762DED1AAC005DC941 /* Components */,
				54C998372DECBFF6005DC941 /* ItemCellView.swift */,
				54C998392DECC011005DC941 /* ItemView.swift */,
				54C9983B2DECC050005DC941 /* MainView.swift */,
			);
			path = Views;
			sourceTree = "<group>";
		};
		54C997F92DECA9D3005DC941 /* ViewModels */ = {
			isa = PBXGroup;
			children = (
				54C998042DECAD09005DC941 /* CoreDataVIewModel.swift */,
			);
			path = ViewModels;
			sourceTree = "<group>";
		};
		54C997FA2DECA9DA005DC941 /* Models */ = {
			isa = PBXGroup;
			children = (
				54C997FC2DECAB1A005DC941 /* ApiResponseModel.swift */,
				54C997FE2DECAB46005DC941 /* ItemModel.swift */,
			);
			path = Models;
			sourceTree = "<group>";
		};
		54C998032DECABD1005DC941 /* CoreData */ = {
			isa = PBXGroup;
			children = (
				54C998002DECAB6E005DC941 /* ItemsContainer.xcdatamodeld */,
				54C998062DECAD28005DC941 /* CoreDataManager.swift */,
			);
			path = CoreData;
			sourceTree = "<group>";
		};
		54C998712DED197E005DC941 /* App */ = {
			isa = PBXGroup;
			children = (
				54C997F32DECA9C6005DC941 /* ToDoListApp.swift */,
			);
			path = App;
			sourceTree = "<group>";
		};
		54C998722DED198F005DC941 /* Core */ = {
			isa = PBXGroup;
			children = (
				54C998032DECABD1005DC941 /* CoreData */,
				54C998732DED19B9005DC941 /* Networking */,
			);
			path = Core;
			sourceTree = "<group>";
		};
		54C998732DED19B9005DC941 /* Networking */ = {
			isa = PBXGroup;
			children = (
				54C998332DECB85D005DC941 /* ApiManager.swift */,
			);
			path = Networking;
			sourceTree = "<group>";
		};
		54C998742DED19E7005DC941 /* Features */ = {
			isa = PBXGroup;
			children = (
				54C998752DED1A18005DC941 /* Items */,
			);
			path = Features;
			sourceTree = "<group>";
		};
		54C998752DED1A18005DC941 /* Items */ = {
			isa = PBXGroup;
			children = (
				54C997FA2DECA9DA005DC941 /* Models */,
				54C997F82DECA9CA005DC941 /* Views */,
				54C997F92DECA9D3005DC941 /* ViewModels */,
				54C9987A2DED1D5B005DC941 /* Services */,
			);
			path = Items;
			sourceTree = "<group>";
		};
		54C998762DED1AAC005DC941 /* Components */ = {
			isa = PBXGroup;
			children = (
				54C998772DED1ABC005DC941 /* ContextMenu */,
				54C9983D2DECE107005DC941 /* BottomBarView.swift */,
			);
			path = Components;
			sourceTree = "<group>";
		};
		54C998772DED1ABC005DC941 /* ContextMenu */ = {
			isa = PBXGroup;
			children = (
				54C9983F2DECEAA6005DC941 /* ItemContextMenu.swift */,
				54C9986E2DED0BB3005DC941 /* ShareHelper.swift */,
			);
			path = ContextMenu;
			sourceTree = "<group>";
		};
		54C998782DED1B44005DC941 /* Shared */ = {
			isa = PBXGroup;
			children = (
				54C998792DED1B60005DC941 /* Views */,
			);
			path = Shared;
			sourceTree = "<group>";
		};
		54C998792DED1B60005DC941 /* Views */ = {
			isa = PBXGroup;
			children = (
				54C998352DECBFE1005DC941 /* ButtonBackView.swift */,
				54C998A32DEDD995005DC941 /* DateFormatterExtension.swift */,
			);
			path = Views;
			sourceTree = "<group>";
		};
		54C9987A2DED1D5B005DC941 /* Services */ = {
			isa = PBXGroup;
			children = (
				54C9986C2DECF0FF005DC941 /* DataManager.swift */,
			);
			path = Services;
			sourceTree = "<group>";
		};
		54C998992DED21FC005DC941 /* ToDoListTests */ = {
			isa = PBXGroup;
			children = (
				54C998982DED21FC005DC941 /* ToDoListTests.swift */,
			);
			path = ToDoListTests;
			sourceTree = "<group>";
		};
/* End PBXGroup section */

/* Begin PBXNativeTarget section */
		54C997E22DECA9B9005DC941 /* ToDoList */ = {
			isa = PBXNativeTarget;
			buildConfigurationList = 54C997EE2DECA9BB005DC941 /* Build configuration list for PBXNativeTarget "ToDoList" */;
			buildPhases = (
				54C997DF2DECA9B9005DC941 /* Sources */,
				54C997E02DECA9B9005DC941 /* Frameworks */,
				54C997E12DECA9B9005DC941 /* Resources */,
			);
			buildRules = (
			);
			dependencies = (
			);
			name = ToDoList;
			packageProductDependencies = (
			);
			productName = ToDoList;
			productReference = 54C997E32DECA9B9005DC941 /* ToDoList.app */;
			productType = "com.apple.product-type.application";
		};
		54C9987F2DED2124005DC941 /* ToDoListTests */ = {
			isa = PBXNativeTarget;
			buildConfigurationList = 54C998862DED2124005DC941 /* Build configuration list for PBXNativeTarget "ToDoListTests" */;
			buildPhases = (
				54C9987C2DED2124005DC941 /* Sources */,
				54C9987D2DED2124005DC941 /* Frameworks */,
				54C9987E2DED2124005DC941 /* Resources */,
			);
			buildRules = (
			);
			dependencies = (
				54C998852DED2124005DC941 /* PBXTargetDependency */,
			);
			name = ToDoListTests;
			packageProductDependencies = (
			);
			productName = ToDoListTests;
			productReference = 54C998802DED2124005DC941 /* ToDoListTests.xctest */;
			productType = "com.apple.product-type.bundle.unit-test";
		};
/* End PBXNativeTarget section */

/* Begin PBXProject section */
		54C997DB2DECA9B9005DC941 /* Project object */ = {
			isa = PBXProject;
			attributes = {
				BuildIndependentTargetsInParallel = 1;
				LastSwiftUpdateCheck = 1630;
				LastUpgradeCheck = 1630;
				TargetAttributes = {
					54C997E22DECA9B9005DC941 = {
						CreatedOnToolsVersion = 16.3;
					};
					54C9987F2DED2124005DC941 = {
						CreatedOnToolsVersion = 16.3;
						TestTargetID = 54C997E22DECA9B9005DC941;
					};
				};
			};
			buildConfigurationList = 54C997DE2DECA9B9005DC941 /* Build configuration list for PBXProject "ToDoList" */;
			developmentRegion = en;
			hasScannedForEncodings = 0;
			knownRegions = (
				en,
				Base,
			);
			mainGroup = 54C997DA2DECA9B9005DC941;
			minimizedProjectReferenceProxies = 1;
			preferredProjectObjectVersion = 77;
			productRefGroup = 54C997E42DECA9B9005DC941 /* Products */;
			projectDirPath = "";
			projectRoot = "";
			targets = (
				54C997E22DECA9B9005DC941 /* ToDoList */,
				54C9987F2DED2124005DC941 /* ToDoListTests */,
			);
		};
/* End PBXProject section */

/* Begin PBXResourcesBuildPhase section */
		54C997E12DECA9B9005DC941 /* Resources */ = {
			isa = PBXResourcesBuildPhase;
			buildActionMask = 2147483647;
			files = (
				54C997F72DECA9C6005DC941 /* Assets.xcassets in Resources */,
			);
			runOnlyForDeploymentPostprocessing = 0;
		};
		54C9987E2DED2124005DC941 /* Resources */ = {
			isa = PBXResourcesBuildPhase;
			buildActionMask = 2147483647;
			files = (
			);
			runOnlyForDeploymentPostprocessing = 0;
		};
/* End PBXResourcesBuildPhase section */

/* Begin PBXSourcesBuildPhase section */
		54C997DF2DECA9B9005DC941 /* Sources */ = {
			isa = PBXSourcesBuildPhase;
			buildActionMask = 2147483647;
			files = (
				54C998342DECB85D005DC941 /* ApiManager.swift in Sources */,
				54C9983C2DECC050005DC941 /* MainView.swift in Sources */,
				54C998382DECBFF6005DC941 /* ItemCellView.swift in Sources */,
				54C9983E2DECE107005DC941 /* BottomBarView.swift in Sources */,
				54C997F62DECA9C6005DC941 /* ToDoListApp.swift in Sources */,
				54C9986D2DECF0FF005DC941 /* DataManager.swift in Sources */,
				54C998A42DEDD995005DC941 /* DateFormatterExtension.swift in Sources */,
				54C997FF2DECAB46005DC941 /* ItemModel.swift in Sources */,
				54C9983A2DECC011005DC941 /* ItemView.swift in Sources */,
				54C998052DECAD09005DC941 /* CoreDataVIewModel.swift in Sources */,
				54C998022DECAB6E005DC941 /* ItemsContainer.xcdatamodeld in Sources */,
				54C998362DECBFE1005DC941 /* ButtonBackView.swift in Sources */,
				54C998072DECAD28005DC941 /* CoreDataManager.swift in Sources */,
				54C997FD2DECAB1A005DC941 /* ApiResponseModel.swift in Sources */,
				54C998402DECEAA6005DC941 /* ItemContextMenu.swift in Sources */,
				54C9986F2DED0BB3005DC941 /* ShareHelper.swift in Sources */,
			);
			runOnlyForDeploymentPostprocessing = 0;
		};
		54C9987C2DED2124005DC941 /* Sources */ = {
			isa = PBXSourcesBuildPhase;
			buildActionMask = 2147483647;
			files = (
				54C9989A2DED21FC005DC941 /* ToDoListTests.swift in Sources */,
			);
			runOnlyForDeploymentPostprocessing = 0;
		};
/* End PBXSourcesBuildPhase section */

/* Begin PBXTargetDependency section */
		54C998852DED2124005DC941 /* PBXTargetDependency */ = {
			isa = PBXTargetDependency;
			target = 54C997E22DECA9B9005DC941 /* ToDoList */;
			targetProxy = 54C998842DED2124005DC941 /* PBXContainerItemProxy */;
		};
/* End PBXTargetDependency section */

/* Begin XCBuildConfiguration section */
		54C997EC2DECA9BB005DC941 /* Debug */ = {
			isa = XCBuildConfiguration;
			buildSettings = {
				ALWAYS_SEARCH_USER_PATHS = NO;
				ASSETCATALOG_COMPILER_GENERATE_SWIFT_ASSET_SYMBOL_EXTENSIONS = YES;
				CLANG_ANALYZER_NONNULL = YES;
				CLANG_ANALYZER_NUMBER_OBJECT_CONVERSION = YES_AGGRESSIVE;
				CLANG_CXX_LANGUAGE_STANDARD = "gnu++20";
				CLANG_ENABLE_MODULES = YES;
				CLANG_ENABLE_OBJC_ARC = YES;
				CLANG_ENABLE_OBJC_WEAK = YES;
				CLANG_WARN_BLOCK_CAPTURE_AUTORELEASING = YES;
				CLANG_WARN_BOOL_CONVERSION = YES;
				CLANG_WARN_COMMA = YES;
				CLANG_WARN_CONSTANT_CONVERSION = YES;
				CLANG_WARN_DEPRECATED_OBJC_IMPLEMENTATIONS = YES;
				CLANG_WARN_DIRECT_OBJC_ISA_USAGE = YES_ERROR;
				CLANG_WARN_DOCUMENTATION_COMMENTS = YES;
				CLANG_WARN_EMPTY_BODY = YES;
				CLANG_WARN_ENUM_CONVERSION = YES;
				CLANG_WARN_INFINITE_RECURSION = YES;
				CLANG_WARN_INT_CONVERSION = YES;
				CLANG_WARN_NON_LITERAL_NULL_CONVERSION = YES;
				CLANG_WARN_OBJC_IMPLICIT_RETAIN_SELF = YES;
				CLANG_WARN_OBJC_LITERAL_CONVERSION = YES;
				CLANG_WARN_OBJC_ROOT_CLASS = YES_ERROR;
				CLANG_WARN_QUOTED_INCLUDE_IN_FRAMEWORK_HEADER = YES;
				CLANG_WARN_RANGE_LOOP_ANALYSIS = YES;
				CLANG_WARN_STRICT_PROTOTYPES = YES;
				CLANG_WARN_SUSPICIOUS_MOVE = YES;
				CLANG_WARN_UNGUARDED_AVAILABILITY = YES_AGGRESSIVE;
				CLANG_WARN_UNREACHABLE_CODE = YES;
				CLANG_WARN__DUPLICATE_METHOD_MATCH = YES;
				COPY_PHASE_STRIP = NO;
				DEBUG_INFORMATION_FORMAT = dwarf;
				DEVELOPMENT_TEAM = GZ4X4B65P8;
				ENABLE_STRICT_OBJC_MSGSEND = YES;
				ENABLE_TESTABILITY = YES;
				ENABLE_USER_SCRIPT_SANDBOXING = YES;
				GCC_C_LANGUAGE_STANDARD = gnu17;
				GCC_DYNAMIC_NO_PIC = NO;
				GCC_NO_COMMON_BLOCKS = YES;
				GCC_OPTIMIZATION_LEVEL = 0;
				GCC_PREPROCESSOR_DEFINITIONS = (
					"DEBUG=1",
					"$(inherited)",
				);
				GCC_WARN_64_TO_32_BIT_CONVERSION = YES;
				GCC_WARN_ABOUT_RETURN_TYPE = YES_ERROR;
				GCC_WARN_UNDECLARED_SELECTOR = YES;
				GCC_WARN_UNINITIALIZED_AUTOS = YES_AGGRESSIVE;
				GCC_WARN_UNUSED_FUNCTION = YES;
				GCC_WARN_UNUSED_VARIABLE = YES;
				IPHONEOS_DEPLOYMENT_TARGET = 18.4;
				LOCALIZATION_PREFERS_STRING_CATALOGS = YES;
				MTL_ENABLE_DEBUG_INFO = INCLUDE_SOURCE;
				MTL_FAST_MATH = YES;
				ONLY_ACTIVE_ARCH = YES;
				SDKROOT = iphoneos;
				SWIFT_ACTIVE_COMPILATION_CONDITIONS = "DEBUG $(inherited)";
				SWIFT_OPTIMIZATION_LEVEL = "-Onone";
			};
			name = Debug;
		};
		54C997ED2DECA9BB005DC941 /* Release */ = {
			isa = XCBuildConfiguration;
			buildSettings = {
				ALWAYS_SEARCH_USER_PATHS = NO;
				ASSETCATALOG_COMPILER_GENERATE_SWIFT_ASSET_SYMBOL_EXTENSIONS = YES;
				CLANG_ANALYZER_NONNULL = YES;
				CLANG_ANALYZER_NUMBER_OBJECT_CONVERSION = YES_AGGRESSIVE;
				CLANG_CXX_LANGUAGE_STANDARD = "gnu++20";
				CLANG_ENABLE_MODULES = YES;
				CLANG_ENABLE_OBJC_ARC = YES;
				CLANG_ENABLE_OBJC_WEAK = YES;
				CLANG_WARN_BLOCK_CAPTURE_AUTORELEASING = YES;
				CLANG_WARN_BOOL_CONVERSION = YES;
				CLANG_WARN_COMMA = YES;
				CLANG_WARN_CONSTANT_CONVERSION = YES;
				CLANG_WARN_DEPRECATED_OBJC_IMPLEMENTATIONS = YES;
				CLANG_WARN_DIRECT_OBJC_ISA_USAGE = YES_ERROR;
				CLANG_WARN_DOCUMENTATION_COMMENTS = YES;
				CLANG_WARN_EMPTY_BODY = YES;
				CLANG_WARN_ENUM_CONVERSION = YES;
				CLANG_WARN_INFINITE_RECURSION = YES;
				CLANG_WARN_INT_CONVERSION = YES;
				CLANG_WARN_NON_LITERAL_NULL_CONVERSION = YES;
				CLANG_WARN_OBJC_IMPLICIT_RETAIN_SELF = YES;
				CLANG_WARN_OBJC_LITERAL_CONVERSION = YES;
				CLANG_WARN_OBJC_ROOT_CLASS = YES_ERROR;
				CLANG_WARN_QUOTED_INCLUDE_IN_FRAMEWORK_HEADER = YES;
				CLANG_WARN_RANGE_LOOP_ANALYSIS = YES;
				CLANG_WARN_STRICT_PROTOTYPES = YES;
				CLANG_WARN_SUSPICIOUS_MOVE = YES;
				CLANG_WARN_UNGUARDED_AVAILABILITY = YES_AGGRESSIVE;
				CLANG_WARN_UNREACHABLE_CODE = YES;
				CLANG_WARN__DUPLICATE_METHOD_MATCH = YES;
				COPY_PHASE_STRIP = NO;
				DEBUG_INFORMATION_FORMAT = "dwarf-with-dsym";
				DEVELOPMENT_TEAM = GZ4X4B65P8;
				ENABLE_NS_ASSERTIONS = NO;
				ENABLE_STRICT_OBJC_MSGSEND = YES;
				ENABLE_USER_SCRIPT_SANDBOXING = YES;
				GCC_C_LANGUAGE_STANDARD = gnu17;
				GCC_NO_COMMON_BLOCKS = YES;
				GCC_WARN_64_TO_32_BIT_CONVERSION = YES;
				GCC_WARN_ABOUT_RETURN_TYPE = YES_ERROR;
				GCC_WARN_UNDECLARED_SELECTOR = YES;
				GCC_WARN_UNINITIALIZED_AUTOS = YES_AGGRESSIVE;
				GCC_WARN_UNUSED_FUNCTION = YES;
				GCC_WARN_UNUSED_VARIABLE = YES;
				IPHONEOS_DEPLOYMENT_TARGET = 18.4;
				LOCALIZATION_PREFERS_STRING_CATALOGS = YES;
				MTL_ENABLE_DEBUG_INFO = NO;
				MTL_FAST_MATH = YES;
				SDKROOT = iphoneos;
				SWIFT_COMPILATION_MODE = wholemodule;
				VALIDATE_PRODUCT = YES;
			};
			name = Release;
		};
		54C997EF2DECA9BB005DC941 /* Debug */ = {
			isa = XCBuildConfiguration;
			buildSettings = {
				ASSETCATALOG_COMPILER_APPICON_NAME = AppIcon;
				ASSETCATALOG_COMPILER_GLOBAL_ACCENT_COLOR_NAME = AccentColor;
				CODE_SIGN_STYLE = Automatic;
				CURRENT_PROJECT_VERSION = 1;
				DEVELOPMENT_TEAM = GZ4X4B65P8;
				ENABLE_PREVIEWS = YES;
				GENERATE_INFOPLIST_FILE = YES;
				INFOPLIST_KEY_UIApplicationSceneManifest_Generation = YES;
				INFOPLIST_KEY_UIApplicationSupportsIndirectInputEvents = YES;
				INFOPLIST_KEY_UILaunchScreen_Generation = YES;
				INFOPLIST_KEY_UISupportedInterfaceOrientations_iPad = "UIInterfaceOrientationPortrait UIInterfaceOrientationPortraitUpsideDown UIInterfaceOrientationLandscapeLeft UIInterfaceOrientationLandscapeRight";
				INFOPLIST_KEY_UISupportedInterfaceOrientations_iPhone = "UIInterfaceOrientationPortrait UIInterfaceOrientationLandscapeLeft UIInterfaceOrientationLandscapeRight";
				LD_RUNPATH_SEARCH_PATHS = (
					"$(inherited)",
					"@executable_path/Frameworks",
				);
				MARKETING_VERSION = 1.0;
				PRODUCT_BUNDLE_IDENTIFIER = SlavicINC.ToDoList;
				PRODUCT_NAME = "$(TARGET_NAME)";
				SWIFT_EMIT_LOC_STRINGS = YES;
				SWIFT_VERSION = 5.0;
				TARGETED_DEVICE_FAMILY = "1,2";
			};
			name = Debug;
		};
		54C997F02DECA9BB005DC941 /* Release */ = {
			isa = XCBuildConfiguration;
			buildSettings = {
				ASSETCATALOG_COMPILER_APPICON_NAME = AppIcon;
				ASSETCATALOG_COMPILER_GLOBAL_ACCENT_COLOR_NAME = AccentColor;
				CODE_SIGN_STYLE = Automatic;
				CURRENT_PROJECT_VERSION = 1;
				DEVELOPMENT_TEAM = GZ4X4B65P8;
				ENABLE_PREVIEWS = YES;
				GENERATE_INFOPLIST_FILE = YES;
				INFOPLIST_KEY_UIApplicationSceneManifest_Generation = YES;
				INFOPLIST_KEY_UIApplicationSupportsIndirectInputEvents = YES;
				INFOPLIST_KEY_UILaunchScreen_Generation = YES;
				INFOPLIST_KEY_UISupportedInterfaceOrientations_iPad = "UIInterfaceOrientationPortrait UIInterfaceOrientationPortraitUpsideDown UIInterfaceOrientationLandscapeLeft UIInterfaceOrientationLandscapeRight";
				INFOPLIST_KEY_UISupportedInterfaceOrientations_iPhone = "UIInterfaceOrientationPortrait UIInterfaceOrientationLandscapeLeft UIInterfaceOrientationLandscapeRight";
				LD_RUNPATH_SEARCH_PATHS = (
					"$(inherited)",
					"@executable_path/Frameworks",
				);
				MARKETING_VERSION = 1.0;
				PRODUCT_BUNDLE_IDENTIFIER = SlavicINC.ToDoList;
				PRODUCT_NAME = "$(TARGET_NAME)";
				SWIFT_EMIT_LOC_STRINGS = YES;
				SWIFT_VERSION = 5.0;
				TARGETED_DEVICE_FAMILY = "1,2";
			};
			name = Release;
		};
		54C998872DED2124005DC941 /* Debug */ = {
			isa = XCBuildConfiguration;
			buildSettings = {
				BUNDLE_LOADER = "$(TEST_HOST)";
				CODE_SIGN_STYLE = Automatic;
				CURRENT_PROJECT_VERSION = 1;
				DEVELOPMENT_TEAM = GZ4X4B65P8;
				GENERATE_INFOPLIST_FILE = YES;
				MARKETING_VERSION = 1.0;
				PRODUCT_BUNDLE_IDENTIFIER = SlavicINC.ToDoListTests;
				PRODUCT_NAME = "$(TARGET_NAME)";
				SWIFT_EMIT_LOC_STRINGS = NO;
				SWIFT_VERSION = 5.0;
				TARGETED_DEVICE_FAMILY = "1,2";
				TEST_HOST = "$(BUILT_PRODUCTS_DIR)/ToDoList.app/$(BUNDLE_EXECUTABLE_FOLDER_PATH)/ToDoList";
			};
			name = Debug;
		};
		54C998882DED2124005DC941 /* Release */ = {
			isa = XCBuildConfiguration;
			buildSettings = {
				BUNDLE_LOADER = "$(TEST_HOST)";
				CODE_SIGN_STYLE = Automatic;
				CURRENT_PROJECT_VERSION = 1;
				DEVELOPMENT_TEAM = GZ4X4B65P8;
				GENERATE_INFOPLIST_FILE = YES;
				MARKETING_VERSION = 1.0;
				PRODUCT_BUNDLE_IDENTIFIER = SlavicINC.ToDoListTests;
				PRODUCT_NAME = "$(TARGET_NAME)";
				SWIFT_EMIT_LOC_STRINGS = NO;
				SWIFT_VERSION = 5.0;
				TARGETED_DEVICE_FAMILY = "1,2";
				TEST_HOST = "$(BUILT_PRODUCTS_DIR)/ToDoList.app/$(BUNDLE_EXECUTABLE_FOLDER_PATH)/ToDoList";
			};
			name = Release;
		};
/* End XCBuildConfiguration section */

/* Begin XCConfigurationList section */
		54C997DE2DECA9B9005DC941 /* Build configuration list for PBXProject "ToDoList" */ = {
			isa = XCConfigurationList;
			buildConfigurations = (
				54C997EC2DECA9BB005DC941 /* Debug */,
				54C997ED2DECA9BB005DC941 /* Release */,
			);
			defaultConfigurationIsVisible = 0;
			defaultConfigurationName = Release;
		};
		54C997EE2DECA9BB005DC941 /* Build configuration list for PBXNativeTarget "ToDoList" */ = {
			isa = XCConfigurationList;
			buildConfigurations = (
				54C997EF2DECA9BB005DC941 /* Debug */,
				54C997F02DECA9BB005DC941 /* Release */,
			);
			defaultConfigurationIsVisible = 0;
			defaultConfigurationName = Release;
		};
		54C998862DED2124005DC941 /* Build configuration list for PBXNativeTarget "ToDoListTests" */ = {
			isa = XCConfigurationList;
			buildConfigurations = (
				54C998872DED2124005DC941 /* Debug */,
				54C998882DED2124005DC941 /* Release */,
			);
			defaultConfigurationIsVisible = 0;
			defaultConfigurationName = Release;
		};
/* End XCConfigurationList section */

/* Begin XCVersionGroup section */
		54C998002DECAB6E005DC941 /* ItemsContainer.xcdatamodeld */ = {
			isa = XCVersionGroup;
			children = (
				54C998012DECAB6E005DC941 /* ItemsContainer.xcdatamodel */,
			);
			currentVersion = 54C998012DECAB6E005DC941 /* ItemsContainer.xcdatamodel */;
			path = ItemsContainer.xcdatamodeld;
			sourceTree = "<group>";
			versionGroupType = wrapper.xcdatamodel;
		};
/* End XCVersionGroup section */
	};
	rootObject = 54C997DB2DECA9B9005DC941 /* Project object */;
}
